
Microsoft Visual Studio Solution File, Format Version 12.00
# Visual Studio Version 17
VisualStudioVersion = 17.2.32616.157
MinimumVisualStudioVersion = 10.0.40219.1
Project("{2150E333-8FDC-42A3-9474-1A3956D46DE8}") = "src", "src", "{3EDF29D3-E6AF-4150-A285-95EB636EDA4E}"
EndProject
Project("{2150E333-8FDC-42A3-9474-1A3956D46DE8}") = "core", "core", "{6279FE8B-E5FF-414C-A6FE-54EDA5C7B7EB}"
EndProject
Project("{2150E333-8FDC-42A3-9474-1A3956D46DE8}") = "infrastructure", "infrastructure", "{6A31D4CA-B1A6-4439-B142-72C01A20EB11}"
EndProject
Project("{2150E333-8FDC-42A3-9474-1A3956D46DE8}") = "presentation", "presentation", "{B9C788F6-1689-415B-9B84-D1D74DB66ABE}"
EndProject
Project("{9A19103F-16F7-4668-BE54-9A1E7A4F7556}") = "Domain", "src\core\Domain\Domain.csproj", "{DE29521D-26A7-4882-8532-45D5CD1A5D35}"
EndProject
Project("{9A19103F-16F7-4668-BE54-9A1E7A4F7556}") = "Application", "src\core\Application\Application.csproj", "{25792399-6468-4A9C-A397-85B2083A5D8B}"
EndProject
Project("{9A19103F-16F7-4668-BE54-9A1E7A4F7556}") = "Persistance", "src\infrastructure\ClassLibrary1\Persistance.csproj", "{E21CF3C0-DCB6-4E6C-9B7A-2DE389B13703}"
EndProject
Project("{9A19103F-16F7-4668-BE54-9A1E7A4F7556}") = "Api", "src\presentation\Api\Api.csproj", "{964BD801-30D8-48E7-8C17-84475316E1D1}"
EndProject
Project("{9A19103F-16F7-4668-BE54-9A1E7A4F7556}") = "Infrastructure", "src\infrastructure\Infrastructure\Infrastructure.csproj", "{2B25A3AD-F922-4CE7-9617-A0CFEBC57147}"
EndProject
Project("{2150E333-8FDC-42A3-9474-1A3956D46DE8}") = "usefullServices", "usefullServices", "{EE2713BC-FF10-4472-A94C-7F266AA78428}"
EndProject
Project("{9A19103F-16F7-4668-BE54-9A1E7A4F7556}") = "NoSqlService", "src\usefullServices\NoSqlService\NoSqlService.csproj", "{E282C8C0-8A46-4DEB-B43F-A391461D9ADC}"
EndProject
Project("{9A19103F-16F7-4668-BE54-9A1E7A4F7556}") = "MailSenderService", "src\usefullServices\MailService\MailSenderService.csproj", "{CC3FB236-E04F-469E-9263-6E87BB5D42A1}"
EndProject
Project("{9A19103F-16F7-4668-BE54-9A1E7A4F7556}") = "JWTService", "src\usefullServices\JWTService\JWTService.csproj", "{BE1E6A91-A29B-4CF3-8591-73EADFF4ADD2}"
EndProject
Project("{FAE04EC0-301F-11D3-BF4B-00C04F79EFBC}") = "HashingService", "src\usefullServices\HashingService\HashingService.csproj", "{54404D77-E84B-4F88-BFD7-C34AF59A2A9E}"
EndProject
Global
	GlobalSection(SolutionConfigurationPlatforms) = preSolution
		Debug|Any CPU = Debug|Any CPU
		Release|Any CPU = Release|Any CPU
	EndGlobalSection
	GlobalSection(ProjectConfigurationPlatforms) = postSolution
		{DE29521D-26A7-4882-8532-45D5CD1A5D35}.Debug|Any CPU.ActiveCfg = Debug|Any CPU
		{DE29521D-26A7-4882-8532-45D5CD1A5D35}.Debug|Any CPU.Build.0 = Debug|Any CPU
		{DE29521D-26A7-4882-8532-45D5CD1A5D35}.Release|Any CPU.ActiveCfg = Release|Any CPU
		{DE29521D-26A7-4882-8532-45D5CD1A5D35}.Release|Any CPU.Build.0 = Release|Any CPU
		{25792399-6468-4A9C-A397-85B2083A5D8B}.Debug|Any CPU.ActiveCfg = Debug|Any CPU
		{25792399-6468-4A9C-A397-85B2083A5D8B}.Debug|Any CPU.Build.0 = Debug|Any CPU
		{25792399-6468-4A9C-A397-85B2083A5D8B}.Release|Any CPU.ActiveCfg = Release|Any CPU
		{25792399-6468-4A9C-A397-85B2083A5D8B}.Release|Any CPU.Build.0 = Release|Any CPU
		{E21CF3C0-DCB6-4E6C-9B7A-2DE389B13703}.Debug|Any CPU.ActiveCfg = Debug|Any CPU
		{E21CF3C0-DCB6-4E6C-9B7A-2DE389B13703}.Debug|Any CPU.Build.0 = Debug|Any CPU
		{E21CF3C0-DCB6-4E6C-9B7A-2DE389B13703}.Release|Any CPU.ActiveCfg = Release|Any CPU
		{E21CF3C0-DCB6-4E6C-9B7A-2DE389B13703}.Release|Any CPU.Build.0 = Release|Any CPU
		{964BD801-30D8-48E7-8C17-84475316E1D1}.Debug|Any CPU.ActiveCfg = Debug|Any CPU
		{964BD801-30D8-48E7-8C17-84475316E1D1}.Debug|Any CPU.Build.0 = Debug|Any CPU
		{964BD801-30D8-48E7-8C17-84475316E1D1}.Release|Any CPU.ActiveCfg = Release|Any CPU
		{964BD801-30D8-48E7-8C17-84475316E1D1}.Release|Any CPU.Build.0 = Release|Any CPU
		{2B25A3AD-F922-4CE7-9617-A0CFEBC57147}.Debug|Any CPU.ActiveCfg = Debug|Any CPU
		{2B25A3AD-F922-4CE7-9617-A0CFEBC57147}.Debug|Any CPU.Build.0 = Debug|Any CPU
		{2B25A3AD-F922-4CE7-9617-A0CFEBC57147}.Release|Any CPU.ActiveCfg = Release|Any CPU
		{2B25A3AD-F922-4CE7-9617-A0CFEBC57147}.Release|Any CPU.Build.0 = Release|Any CPU
		{E282C8C0-8A46-4DEB-B43F-A391461D9ADC}.Debug|Any CPU.ActiveCfg = Debug|Any CPU
		{E282C8C0-8A46-4DEB-B43F-A391461D9ADC}.Debug|Any CPU.Build.0 = Debug|Any CPU
		{E282C8C0-8A46-4DEB-B43F-A391461D9ADC}.Release|Any CPU.ActiveCfg = Release|Any CPU
		{E282C8C0-8A46-4DEB-B43F-A391461D9ADC}.Release|Any CPU.Build.0 = Release|Any CPU
		{CC3FB236-E04F-469E-9263-6E87BB5D42A1}.Debug|Any CPU.ActiveCfg = Debug|Any CPU
		{CC3FB236-E04F-469E-9263-6E87BB5D42A1}.Debug|Any CPU.Build.0 = Debug|Any CPU
		{CC3FB236-E04F-469E-9263-6E87BB5D42A1}.Release|Any CPU.ActiveCfg = Release|Any CPU
		{CC3FB236-E04F-469E-9263-6E87BB5D42A1}.Release|Any CPU.Build.0 = Release|Any CPU
		{BE1E6A91-A29B-4CF3-8591-73EADFF4ADD2}.Debug|Any CPU.ActiveCfg = Debug|Any CPU
		{BE1E6A91-A29B-4CF3-8591-73EADFF4ADD2}.Debug|Any CPU.Build.0 = Debug|Any CPU
		{BE1E6A91-A29B-4CF3-8591-73EADFF4ADD2}.Release|Any CPU.ActiveCfg = Release|Any CPU
		{BE1E6A91-A29B-4CF3-8591-73EADFF4ADD2}.Release|Any CPU.Build.0 = Release|Any CPU
		{54404D77-E84B-4F88-BFD7-C34AF59A2A9E}.Debug|Any CPU.ActiveCfg = Debug|Any CPU
		{54404D77-E84B-4F88-BFD7-C34AF59A2A9E}.Debug|Any CPU.Build.0 = Debug|Any CPU
		{54404D77-E84B-4F88-BFD7-C34AF59A2A9E}.Release|Any CPU.ActiveCfg = Release|Any CPU
		{54404D77-E84B-4F88-BFD7-C34AF59A2A9E}.Release|Any CPU.Build.0 = Release|Any CPU
	EndGlobalSection
	GlobalSection(SolutionProperties) = preSolution
		HideSolutionNode = FALSE
	EndGlobalSection
	GlobalSection(NestedProjects) = preSolution
		{6279FE8B-E5FF-414C-A6FE-54EDA5C7B7EB} = {3EDF29D3-E6AF-4150-A285-95EB636EDA4E}
		{6A31D4CA-B1A6-4439-B142-72C01A20EB11} = {3EDF29D3-E6AF-4150-A285-95EB636EDA4E}
		{B9C788F6-1689-415B-9B84-D1D74DB66ABE} = {3EDF29D3-E6AF-4150-A285-95EB636EDA4E}
		{DE29521D-26A7-4882-8532-45D5CD1A5D35} = {6279FE8B-E5FF-414C-A6FE-54EDA5C7B7EB}
		{25792399-6468-4A9C-A397-85B2083A5D8B} = {6279FE8B-E5FF-414C-A6FE-54EDA5C7B7EB}
		{E21CF3C0-DCB6-4E6C-9B7A-2DE389B13703} = {6A31D4CA-B1A6-4439-B142-72C01A20EB11}
		{964BD801-30D8-48E7-8C17-84475316E1D1} = {B9C788F6-1689-415B-9B84-D1D74DB66ABE}
		{2B25A3AD-F922-4CE7-9617-A0CFEBC57147} = {6A31D4CA-B1A6-4439-B142-72C01A20EB11}
		{EE2713BC-FF10-4472-A94C-7F266AA78428} = {3EDF29D3-E6AF-4150-A285-95EB636EDA4E}
		{E282C8C0-8A46-4DEB-B43F-A391461D9ADC} = {EE2713BC-FF10-4472-A94C-7F266AA78428}
		{CC3FB236-E04F-469E-9263-6E87BB5D42A1} = {EE2713BC-FF10-4472-A94C-7F266AA78428}
		{BE1E6A91-A29B-4CF3-8591-73EADFF4ADD2} = {EE2713BC-FF10-4472-A94C-7F266AA78428}
		{54404D77-E84B-4F88-BFD7-C34AF59A2A9E} = {EE2713BC-FF10-4472-A94C-7F266AA78428}
	EndGlobalSection
	GlobalSection(ExtensibilityGlobals) = postSolution
		SolutionGuid = {F4660F50-9818-4C8C-9AB3-C85445AB287C}
	EndGlobalSection
EndGlobal
